
Microsoft Visual Studio Solution File, Format Version 12.00
# Visual Studio 14
VisualStudioVersion = 14.0.25123.0
MinimumVisualStudioVersion = 10.0.40219.1
Project("{FDCA1441-00C8-4A1E-AB60-D293454B803F}") = "Sitecore.Support.319982", "Sitecore.Support.319982\Sitecore.Support.319982.csproj", "{6420D914-B6FD-4EBD-A2CE-E7F5C389751D}"
EndProject
Global
	GlobalSection(SolutionConfigurationPlatforms) = preSolution
		Debug|Any CPU = Debug|Any CPU
		Release|Any CPU = Release|Any CPU
	EndGlobalSection
	GlobalSection(ProjectConfigurationPlatforms) = postSolution
		{6420D914-B6FD-4EBD-A2CE-E7F5C389751D}.Debug|Any CPU.ActiveCfg = Debug|Any CPU
		{6420D914-B6FD-4EBD-A2CE-E7F5C389751D}.Debug|Any CPU.Build.0 = Debug|Any CPU
		{6420D914-B6FD-4EBD-A2CE-E7F5C389751D}.Release|Any CPU.ActiveCfg = Release|Any CPU
		{6420D914-B6FD-4EBD-A2CE-E7F5C389751D}.Release|Any CPU.Build.0 = Release|Any CPU
	EndGlobalSection
	GlobalSection(SolutionProperties) = preSolution
		HideSolutionNode = FALSE
	EndGlobalSection
EndGlobal
